<?xml version="1.0" encoding="utf-8"?>
<Project ToolsVersion="4.0" xmlns="http://schemas.microsoft.com/developer/msbuild/2003">
  <ItemGroup>
    <Filter Include="Source Files">
      <UniqueIdentifier>{4FC737F1-C7A5-4376-A066-2A32D752A2FF}</UniqueIdentifier>
      <Extensions>cpp;c;cc;cxx;def;odl;idl;hpj;bat;asm;asmx</Extensions>
    </Filter>
    <Filter Include="Header Files">
      <UniqueIdentifier>{93995380-89BD-4b04-88EB-625FBE52EBFB}</UniqueIdentifier>
      <Extensions>h;hh;hpp;hxx;hm;inl;inc;ipp;xsd</Extensions>
    </Filter>
    <Filter Include="Resource Files">
      <UniqueIdentifier>{67DA6AB6-F800-4c08-8B7A-83BB121AAD01}</UniqueIdentifier>
      <Extensions>rc;ico;cur;bmp;dlg;rc2;rct;bin;rgs;gif;jpg;jpeg;jpe;resx;tiff;tif;png;wav;mfcribbon-ms</Extensions>
    </Filter>
  </ItemGroup>
  <ItemGroup>
    <ClInclude Include="targetver.h">
      <Filter>Header Files</Filter>
    </ClInclude>
    <ClInclude Include="Animation.h">
      <Filter>Header Files</Filter>
    </ClInclude>
    <ClInclude Include="Collision.h">
      <Filter>Header Files</Filter>
    </ClInclude>
    <ClInclude Include="Player.h">
      <Filter>Header Files</Filter>
    </ClInclude>
    <ClInclude Include="Floor.h">
      <Filter>Header Files</Filter>
    </ClInclude>
    <ClInclude Include="Povy.h">
      <Filter>Header Files</Filter>
    </ClInclude>
    <ClInclude Include="Flowmon.h">
      <Filter>Header Files</Filter>
    </ClInclude>
    <ClInclude Include="Direct.h">
      <Filter>Header Files</Filter>
    </ClInclude>
    <ClInclude Include="Projectiles.h">
      <Filter>Header Files</Filter>
    </ClInclude>
    <ClInclude Include="Item.h">
      <Filter>Header Files</Filter>
    </ClInclude>
    <ClInclude Include="Text_String.h">
      <Filter>Header Files</Filter>
    </ClInclude>
    <ClInclude Include="Explosion.h">
      <Filter>Header Files</Filter>
    </ClInclude>
    <ClInclude Include="Gloomthing.h">
      <Filter>Header Files</Filter>
    </ClInclude>
    <ClInclude Include="Foulling.h">
      <Filter>Header Files</Filter>
    </ClInclude>
    <ClInclude Include="Metalbeing.h">
      <Filter>Header Files</Filter>
    </ClInclude>
    <ClInclude Include="Gaspow.h">
      <Filter>Header Files</Filter>
    </ClInclude>
    <ClInclude Include="Frostmirage.h">
      <Filter>Header Files</Filter>
    </ClInclude>
    <ClInclude Include="Clone.h">
      <Filter>Header Files</Filter>
    </ClInclude>
    <ClInclude Include="Warpscream.h">
      <Filter>Header Files</Filter>
    </ClInclude>
    <ClInclude Include="Barrel.h">
      <Filter>Header Files</Filter>
    </ClInclude>
    <ClInclude Include="Thornseeker.h">
      <Filter>Header Files</Filter>
    </ClInclude>
    <ClInclude Include="Vexling.h">
      <Filter>Header Files</Filter>
    </ClInclude>
    <ClInclude Include="WarpGate.h">
      <Filter>Header Files</Filter>
    </ClInclude>
  </ItemGroup>
  <ItemGroup>
    <ClCompile Include="Game.cpp">
      <Filter>Source Files</Filter>
    </ClCompile>
    <ClCompile Include="Animation.cpp">
      <Filter>Source Files</Filter>
    </ClCompile>
    <ClCompile Include="Collision.cpp">
      <Filter>Source Files</Filter>
    </ClCompile>
    <ClCompile Include="Player.cpp">
      <Filter>Source Files</Filter>
    </ClCompile>
    <ClCompile Include="Floor.cpp">
      <Filter>Source Files</Filter>
    </ClCompile>
    <ClCompile Include="Povy.cpp">
      <Filter>Source Files</Filter>
    </ClCompile>
    <ClCompile Include="Direct.cpp">
      <Filter>Source Files</Filter>
    </ClCompile>
    <ClCompile Include="Flowmon.cpp">
      <Filter>Source Files</Filter>
    </ClCompile>
    <ClCompile Include="Projectiles.cpp">
      <Filter>Source Files</Filter>
    </ClCompile>
    <ClCompile Include="Item.cpp">
      <Filter>Source Files</Filter>
    </ClCompile>
    <ClCompile Include="Text_String.cpp">
      <Filter>Source Files</Filter>
    </ClCompile>
    <ClCompile Include="Explosion.cpp">
      <Filter>Source Files</Filter>
    </ClCompile>
    <ClCompile Include="Gloomthing.cpp">
      <Filter>Source Files</Filter>
    </ClCompile>
    <ClCompile Include="Foulling.cpp">
      <Filter>Source Files</Filter>
    </ClCompile>
    <ClCompile Include="Metalbeing.cpp">
      <Filter>Source Files</Filter>
    </ClCompile>
    <ClCompile Include="Gaspow.cpp">
      <Filter>Source Files</Filter>
    </ClCompile>
    <ClCompile Include="Frostmirage.cpp">
      <Filter>Source Files</Filter>
    </ClCompile>
    <ClCompile Include="Clone.cpp">
      <Filter>Source Files</Filter>
    </ClCompile>
    <ClCompile Include="Warpscream.cpp">
      <Filter>Source Files</Filter>
    </ClCompile>
    <ClCompile Include="Barrel.cpp">
      <Filter>Source Files</Filter>
    </ClCompile>
    <ClCompile Include="Thornseeker.cpp">
      <Filter>Source Files</Filter>
    </ClCompile>
    <ClCompile Include="Vexling.cpp">
      <Filter>Source Files</Filter>
    </ClCompile>
    <ClCompile Include="WarpGate.cpp">
      <Filter>Source Files</Filter>
    </ClCompile>
  </ItemGroup>
</Project>